
Microsoft Visual Studio Solution File, Format Version 12.00
Project("{FAE04EC0-301F-11D3-BF4B-00C04F79EFBC}") = "clara_proj5", "clara_proj5\clara_proj5.csproj", "{B98611F7-A129-4AC2-8739-06DEB64E6E7F}"
EndProject
Global
	GlobalSection(SolutionConfigurationPlatforms) = preSolution
		Debug|Any CPU = Debug|Any CPU
		Release|Any CPU = Release|Any CPU
	EndGlobalSection
	GlobalSection(ProjectConfigurationPlatforms) = postSolution
		{B98611F7-A129-4AC2-8739-06DEB64E6E7F}.Debug|Any CPU.ActiveCfg = Debug|Any CPU
		{B98611F7-A129-4AC2-8739-06DEB64E6E7F}.Debug|Any CPU.Build.0 = Debug|Any CPU
		{B98611F7-A129-4AC2-8739-06DEB64E6E7F}.Release|Any CPU.ActiveCfg = Release|Any CPU
		{B98611F7-A129-4AC2-8739-06DEB64E6E7F}.Release|Any CPU.Build.0 = Release|Any CPU
	EndGlobalSection
EndGlobal
